{
  "name": "Frogger",
  "version": "1.0.0",
  "lockfileVersion": 1,
  "requires": true,
  "dependencies": {
    "confetti-js": {
      "version": "0.0.16",
      "resolved": "https://registry.npmjs.org/confetti-js/-/confetti-js-0.0.16.tgz",
      "integrity": "sha512-i2oPoTiKkI/tJz/MaVxQzvSnHXNDCd/4MAfeKT9TEohy9Z4eYaAac2+mpvWqv9n5EItVwEaBiWc3pIxCXhKuyg=="
    },
    "jquery": {
      "version": "3.4.1",
      "resolved": "https://registry.npmjs.org/jquery/-/jquery-3.4.1.tgz",
      "integrity": "sha512-36+AdBzCL+y6qjw5Tx7HgzeGCzC81MDDgaUP8ld2zhx58HdqXGoBd+tHdrBMiyjGQs0Hxs/MLZTu/eHNJJuWPw==",
      "dev": true
    }
  }
}
